
Microsoft Visual Studio Solution File, Format Version 12.00
# Visual Studio 15
VisualStudioVersion = 15.0.27428.2002
MinimumVisualStudioVersion = 10.0.40219.1
Project("{8BC9CEB8-8B4A-11D0-8D11-00A0C91BC942}") = "UnmanagedCode", "UnmanagedCode\UnmanagedCode.vcxproj", "{1EDC916E-BF46-4158-9345-55FEC68A14AA}"
EndProject
Project("{8BC9CEB8-8B4A-11D0-8D11-00A0C91BC942}") = "Bridge", "Bridge\Bridge.vcxproj", "{9483FF7D-ED36-470B-89DF-A96420A3BA6C}"
EndProject
Project("{FAE04EC0-301F-11D3-BF4B-00C04F79EFBC}") = "ClientApi", "ClientApi\ClientApi.csproj", "{DD2B4500-5ADF-472D-BB89-89034339F844}"
EndProject
Global
	GlobalSection(SolutionConfigurationPlatforms) = preSolution
		Debug|Any CPU = Debug|Any CPU
		Debug|x64 = Debug|x64
		Debug|x86 = Debug|x86
		Release|Any CPU = Release|Any CPU
		Release|x64 = Release|x64
		Release|x86 = Release|x86
	EndGlobalSection
	GlobalSection(ProjectConfigurationPlatforms) = postSolution
		{1EDC916E-BF46-4158-9345-55FEC68A14AA}.Debug|Any CPU.ActiveCfg = Debug|Win32
		{1EDC916E-BF46-4158-9345-55FEC68A14AA}.Debug|x64.ActiveCfg = Debug|x64
		{1EDC916E-BF46-4158-9345-55FEC68A14AA}.Debug|x64.Build.0 = Debug|x64
		{1EDC916E-BF46-4158-9345-55FEC68A14AA}.Debug|x86.ActiveCfg = Debug|Win32
		{1EDC916E-BF46-4158-9345-55FEC68A14AA}.Debug|x86.Build.0 = Debug|Win32
		{1EDC916E-BF46-4158-9345-55FEC68A14AA}.Release|Any CPU.ActiveCfg = Release|Win32
		{1EDC916E-BF46-4158-9345-55FEC68A14AA}.Release|x64.ActiveCfg = Release|x64
		{1EDC916E-BF46-4158-9345-55FEC68A14AA}.Release|x64.Build.0 = Release|x64
		{1EDC916E-BF46-4158-9345-55FEC68A14AA}.Release|x86.ActiveCfg = Release|Win32
		{1EDC916E-BF46-4158-9345-55FEC68A14AA}.Release|x86.Build.0 = Release|Win32
		{9483FF7D-ED36-470B-89DF-A96420A3BA6C}.Debug|Any CPU.ActiveCfg = Debug|Win32
		{9483FF7D-ED36-470B-89DF-A96420A3BA6C}.Debug|x64.ActiveCfg = Debug|x64
		{9483FF7D-ED36-470B-89DF-A96420A3BA6C}.Debug|x64.Build.0 = Debug|x64
		{9483FF7D-ED36-470B-89DF-A96420A3BA6C}.Debug|x86.ActiveCfg = Debug|Win32
		{9483FF7D-ED36-470B-89DF-A96420A3BA6C}.Debug|x86.Build.0 = Debug|Win32
		{9483FF7D-ED36-470B-89DF-A96420A3BA6C}.Release|Any CPU.ActiveCfg = Release|Win32
		{9483FF7D-ED36-470B-89DF-A96420A3BA6C}.Release|x64.ActiveCfg = Release|x64
		{9483FF7D-ED36-470B-89DF-A96420A3BA6C}.Release|x64.Build.0 = Release|x64
		{9483FF7D-ED36-470B-89DF-A96420A3BA6C}.Release|x86.ActiveCfg = Release|Win32
		{9483FF7D-ED36-470B-89DF-A96420A3BA6C}.Release|x86.Build.0 = Release|Win32
		{DD2B4500-5ADF-472D-BB89-89034339F844}.Debug|Any CPU.ActiveCfg = Debug|Any CPU
		{DD2B4500-5ADF-472D-BB89-89034339F844}.Debug|Any CPU.Build.0 = Debug|Any CPU
		{DD2B4500-5ADF-472D-BB89-89034339F844}.Debug|x64.ActiveCfg = Debug|Any CPU
		{DD2B4500-5ADF-472D-BB89-89034339F844}.Debug|x64.Build.0 = Debug|Any CPU
		{DD2B4500-5ADF-472D-BB89-89034339F844}.Debug|x86.ActiveCfg = Debug|Any CPU
		{DD2B4500-5ADF-472D-BB89-89034339F844}.Debug|x86.Build.0 = Debug|Any CPU
		{DD2B4500-5ADF-472D-BB89-89034339F844}.Release|Any CPU.ActiveCfg = Release|Any CPU
		{DD2B4500-5ADF-472D-BB89-89034339F844}.Release|Any CPU.Build.0 = Release|Any CPU
		{DD2B4500-5ADF-472D-BB89-89034339F844}.Release|x64.ActiveCfg = Release|Any CPU
		{DD2B4500-5ADF-472D-BB89-89034339F844}.Release|x64.Build.0 = Release|Any CPU
		{DD2B4500-5ADF-472D-BB89-89034339F844}.Release|x86.ActiveCfg = Release|Any CPU
		{DD2B4500-5ADF-472D-BB89-89034339F844}.Release|x86.Build.0 = Release|Any CPU
	EndGlobalSection
	GlobalSection(SolutionProperties) = preSolution
		HideSolutionNode = FALSE
	EndGlobalSection
	GlobalSection(ExtensibilityGlobals) = postSolution
		SolutionGuid = {DA0F19A7-5B8A-4453-8F37-C6C21F2D0D1A}
	EndGlobalSection
EndGlobal
